
Microsoft Visual Studio Solution File, Format Version 12.00
Project("{FAE04EC0-301F-11D3-BF4B-00C04F79EFBC}") = "MakhsumRestaurantt", "MakhsumRestaurantt\MakhsumRestaurantt.csproj", "{9A663B89-4FCE-4B7E-BF7E-EF0A04B25FA0}"
EndProject
Global
	GlobalSection(SolutionConfigurationPlatforms) = preSolution
		Debug|Any CPU = Debug|Any CPU
		Release|Any CPU = Release|Any CPU
	EndGlobalSection
	GlobalSection(ProjectConfigurationPlatforms) = postSolution
		{9A663B89-4FCE-4B7E-BF7E-EF0A04B25FA0}.Debug|Any CPU.ActiveCfg = Debug|Any CPU
		{9A663B89-4FCE-4B7E-BF7E-EF0A04B25FA0}.Debug|Any CPU.Build.0 = Debug|Any CPU
		{9A663B89-4FCE-4B7E-BF7E-EF0A04B25FA0}.Release|Any CPU.ActiveCfg = Release|Any CPU
		{9A663B89-4FCE-4B7E-BF7E-EF0A04B25FA0}.Release|Any CPU.Build.0 = Release|Any CPU
	EndGlobalSection
EndGlobal
